
Microsoft Visual Studio Solution File, Format Version 12.00
# Visual Studio 2013
VisualStudioVersion = 12.0.31101.0
MinimumVisualStudioVersion = 10.0.40219.1
Project("{2150E333-8FDC-42A3-9474-1A3956D46DE8}") = "Misc", "Misc", "{52E6521E-FD07-4C84-B075-BFC8157CFA8B}"
	ProjectSection(SolutionItems) = preProject
		Misc\pilot.bnf = Misc\pilot.bnf
		README.txt = README.txt
	EndProjectSection
EndProject
Project("{FAE04EC0-301F-11D3-BF4B-00C04F79EFBC}") = "Pilot.NET", "Pilot.NET\Pilot.NET.csproj", "{1617770A-B3ED-44BB-A63E-D94986EE90E6}"
EndProject
Project("{FAE04EC0-301F-11D3-BF4B-00C04F79EFBC}") = "Pilot.NET.Test", "Pilot.NET.Test\Pilot.NET.Test.csproj", "{143ADB73-641A-4D5F-912A-F0EEFB650CF7}"
EndProject
Project("{FAE04EC0-301F-11D3-BF4B-00C04F79EFBC}") = "Pilot.NET.Console", "Pilot.NET.Console\Pilot.NET.Console.csproj", "{FF08A4CF-B019-4AF3-ACDF-6DEEE26C51F2}"
EndProject
Project("{2150E333-8FDC-42A3-9474-1A3956D46DE8}") = "PILOT Examples", "PILOT Examples", "{FF5C69E5-6FD8-4AF0-9AF3-A3EECB596A44}"
	ProjectSection(SolutionItems) = preProject
		Pilot Examples\test.pilot = Pilot Examples\test.pilot
	EndProjectSection
EndProject
Global
	GlobalSection(SolutionConfigurationPlatforms) = preSolution
		Debug|Any CPU = Debug|Any CPU
		Release|Any CPU = Release|Any CPU
	EndGlobalSection
	GlobalSection(ProjectConfigurationPlatforms) = postSolution
		{1617770A-B3ED-44BB-A63E-D94986EE90E6}.Debug|Any CPU.ActiveCfg = Debug|Any CPU
		{1617770A-B3ED-44BB-A63E-D94986EE90E6}.Debug|Any CPU.Build.0 = Debug|Any CPU
		{1617770A-B3ED-44BB-A63E-D94986EE90E6}.Release|Any CPU.ActiveCfg = Release|Any CPU
		{1617770A-B3ED-44BB-A63E-D94986EE90E6}.Release|Any CPU.Build.0 = Release|Any CPU
		{143ADB73-641A-4D5F-912A-F0EEFB650CF7}.Debug|Any CPU.ActiveCfg = Debug|Any CPU
		{143ADB73-641A-4D5F-912A-F0EEFB650CF7}.Debug|Any CPU.Build.0 = Debug|Any CPU
		{143ADB73-641A-4D5F-912A-F0EEFB650CF7}.Release|Any CPU.ActiveCfg = Release|Any CPU
		{143ADB73-641A-4D5F-912A-F0EEFB650CF7}.Release|Any CPU.Build.0 = Release|Any CPU
		{FF08A4CF-B019-4AF3-ACDF-6DEEE26C51F2}.Debug|Any CPU.ActiveCfg = Debug|Any CPU
		{FF08A4CF-B019-4AF3-ACDF-6DEEE26C51F2}.Debug|Any CPU.Build.0 = Debug|Any CPU
		{FF08A4CF-B019-4AF3-ACDF-6DEEE26C51F2}.Release|Any CPU.ActiveCfg = Release|Any CPU
		{FF08A4CF-B019-4AF3-ACDF-6DEEE26C51F2}.Release|Any CPU.Build.0 = Release|Any CPU
	EndGlobalSection
	GlobalSection(SolutionProperties) = preSolution
		HideSolutionNode = FALSE
	EndGlobalSection
EndGlobal
